// !$*UTF8*$!
{
	archiveVersion = 1;
	classes = {
	};
	objectVersion = 55;
	objects = {

/* Begin PBXBuildFile section */
		A2E5E67C279A456F001963C3 /* AppDelegate.swift in Sources */ = {isa = PBXBuildFile; fileRef = A2E5E67B279A456F001963C3 /* AppDelegate.swift */; };
		A2E5E67E279A456F001963C3 /* SceneDelegate.swift in Sources */ = {isa = PBXBuildFile; fileRef = A2E5E67D279A456F001963C3 /* SceneDelegate.swift */; };
		A2E5E680279A456F001963C3 /* HomeViewController.swift in Sources */ = {isa = PBXBuildFile; fileRef = A2E5E67F279A456F001963C3 /* HomeViewController.swift */; };
		A2E5E685279A4570001963C3 /* Assets.xcassets in Resources */ = {isa = PBXBuildFile; fileRef = A2E5E684279A4570001963C3 /* Assets.xcassets */; };
		A2E5E688279A4570001963C3 /* LaunchScreen.storyboard in Resources */ = {isa = PBXBuildFile; fileRef = A2E5E686279A4570001963C3 /* LaunchScreen.storyboard */; };
		A2E5E693279A4570001963C3 /* MovieConstraintsTests.swift in Sources */ = {isa = PBXBuildFile; fileRef = A2E5E692279A4570001963C3 /* MovieConstraintsTests.swift */; };
		A2E5E69D279A4570001963C3 /* MovieConstraintsUITests.swift in Sources */ = {isa = PBXBuildFile; fileRef = A2E5E69C279A4570001963C3 /* MovieConstraintsUITests.swift */; };
		A2E5E69F279A4570001963C3 /* MovieConstraintsUITestsLaunchTests.swift in Sources */ = {isa = PBXBuildFile; fileRef = A2E5E69E279A4570001963C3 /* MovieConstraintsUITestsLaunchTests.swift */; };
		D14C77ED279B5CF30050D3BA /* TableView.swift in Sources */ = {isa = PBXBuildFile; fileRef = D14C77EC279B5CF30050D3BA /* TableView.swift */; };
		D14C77EF279B5D1E0050D3BA /* DataSource.swift in Sources */ = {isa = PBXBuildFile; fileRef = D14C77EE279B5D1E0050D3BA /* DataSource.swift */; };
		D14C77F1279B5FD70050D3BA /* GenericTableViewCell.swift in Sources */ = {isa = PBXBuildFile; fileRef = D14C77F0279B5FD70050D3BA /* GenericTableViewCell.swift */; };
		D14C77F4279B612C0050D3BA /* HomeTableViewCell.swift in Sources */ = {isa = PBXBuildFile; fileRef = D14C77F3279B612C0050D3BA /* HomeTableViewCell.swift */; };
		D14C77F6279B61410050D3BA /* HomeViewObject.swift in Sources */ = {isa = PBXBuildFile; fileRef = D14C77F5279B61410050D3BA /* HomeViewObject.swift */; };
		D14C77F8279B615D0050D3BA /* ViewObject.swift in Sources */ = {isa = PBXBuildFile; fileRef = D14C77F7279B615D0050D3BA /* ViewObject.swift */; };
		D14C77FB279B62040050D3BA /* MovieLabel.swift in Sources */ = {isa = PBXBuildFile; fileRef = D14C77FA279B62040050D3BA /* MovieLabel.swift */; };
		D14C77FD279B63B90050D3BA /* MovieFont.swift in Sources */ = {isa = PBXBuildFile; fileRef = D14C77FC279B63B90050D3BA /* MovieFont.swift */; };
		D14C77FF279B64C40050D3BA /* HomeDataSource.swift in Sources */ = {isa = PBXBuildFile; fileRef = D14C77FE279B64C40050D3BA /* HomeDataSource.swift */; };
		D14C7802279B66E60050D3BA /* homeMovies.json in Resources */ = {isa = PBXBuildFile; fileRef = D14C7801279B66E60050D3BA /* homeMovies.json */; };
		D14C7805279B67100050D3BA /* Response.swift in Sources */ = {isa = PBXBuildFile; fileRef = D14C7804279B67100050D3BA /* Response.swift */; };
		D14C7807279B69E90050D3BA /* MovieModel.swift in Sources */ = {isa = PBXBuildFile; fileRef = D14C7806279B69E90050D3BA /* MovieModel.swift */; };
		D1D3C85F279B40EC005C82BA /* BaseViewController.swift in Sources */ = {isa = PBXBuildFile; fileRef = D1D3C85E279B40EC005C82BA /* BaseViewController.swift */; };
		D1D3C863279B41B0005C82BA /* UIImage+Resources.swift in Sources */ = {isa = PBXBuildFile; fileRef = D1D3C862279B41B0005C82BA /* UIImage+Resources.swift */; };
/* End PBXBuildFile section */

/* Begin PBXContainerItemProxy section */
		A2E5E68F279A4570001963C3 /* PBXContainerItemProxy */ = {
			isa = PBXContainerItemProxy;
			containerPortal = A2E5E670279A456F001963C3 /* Project object */;
			proxyType = 1;
			remoteGlobalIDString = A2E5E677279A456F001963C3;
			remoteInfo = MovieConstraints;
		};
		A2E5E699279A4570001963C3 /* PBXContainerItemProxy */ = {
			isa = PBXContainerItemProxy;
			containerPortal = A2E5E670279A456F001963C3 /* Project object */;
			proxyType = 1;
			remoteGlobalIDString = A2E5E677279A456F001963C3;
			remoteInfo = MovieConstraints;
		};
/* End PBXContainerItemProxy section */

/* Begin PBXFileReference section */
		A2E5E678279A456F001963C3 /* MovieConstraints.app */ = {isa = PBXFileReference; explicitFileType = wrapper.application; includeInIndex = 0; path = MovieConstraints.app; sourceTree = BUILT_PRODUCTS_DIR; };
		A2E5E67B279A456F001963C3 /* AppDelegate.swift */ = {isa = PBXFileReference; lastKnownFileType = sourcecode.swift; path = AppDelegate.swift; sourceTree = "<group>"; };
		A2E5E67D279A456F001963C3 /* SceneDelegate.swift */ = {isa = PBXFileReference; lastKnownFileType = sourcecode.swift; path = SceneDelegate.swift; sourceTree = "<group>"; };
		A2E5E67F279A456F001963C3 /* HomeViewController.swift */ = {isa = PBXFileReference; lastKnownFileType = sourcecode.swift; path = HomeViewController.swift; sourceTree = "<group>"; };
		A2E5E684279A4570001963C3 /* Assets.xcassets */ = {isa = PBXFileReference; lastKnownFileType = folder.assetcatalog; path = Assets.xcassets; sourceTree = "<group>"; };
		A2E5E687279A4570001963C3 /* Base */ = {isa = PBXFileReference; lastKnownFileType = file.storyboard; name = Base; path = Base.lproj/LaunchScreen.storyboard; sourceTree = "<group>"; };
		A2E5E689279A4570001963C3 /* Info.plist */ = {isa = PBXFileReference; lastKnownFileType = text.plist.xml; path = Info.plist; sourceTree = "<group>"; };
		A2E5E68E279A4570001963C3 /* MovieConstraintsTests.xctest */ = {isa = PBXFileReference; explicitFileType = wrapper.cfbundle; includeInIndex = 0; path = MovieConstraintsTests.xctest; sourceTree = BUILT_PRODUCTS_DIR; };
		A2E5E692279A4570001963C3 /* MovieConstraintsTests.swift */ = {isa = PBXFileReference; lastKnownFileType = sourcecode.swift; path = MovieConstraintsTests.swift; sourceTree = "<group>"; };
		A2E5E698279A4570001963C3 /* MovieConstraintsUITests.xctest */ = {isa = PBXFileReference; explicitFileType = wrapper.cfbundle; includeInIndex = 0; path = MovieConstraintsUITests.xctest; sourceTree = BUILT_PRODUCTS_DIR; };
		A2E5E69C279A4570001963C3 /* MovieConstraintsUITests.swift */ = {isa = PBXFileReference; lastKnownFileType = sourcecode.swift; path = MovieConstraintsUITests.swift; sourceTree = "<group>"; };
		A2E5E69E279A4570001963C3 /* MovieConstraintsUITestsLaunchTests.swift */ = {isa = PBXFileReference; lastKnownFileType = sourcecode.swift; path = MovieConstraintsUITestsLaunchTests.swift; sourceTree = "<group>"; };
		D14C77EC279B5CF30050D3BA /* TableView.swift */ = {isa = PBXFileReference; lastKnownFileType = sourcecode.swift; path = TableView.swift; sourceTree = "<group>"; };
		D14C77EE279B5D1E0050D3BA /* DataSource.swift */ = {isa = PBXFileReference; lastKnownFileType = sourcecode.swift; path = DataSource.swift; sourceTree = "<group>"; };
		D14C77F0279B5FD70050D3BA /* GenericTableViewCell.swift */ = {isa = PBXFileReference; lastKnownFileType = sourcecode.swift; path = GenericTableViewCell.swift; sourceTree = "<group>"; };
		D14C77F3279B612C0050D3BA /* HomeTableViewCell.swift */ = {isa = PBXFileReference; lastKnownFileType = sourcecode.swift; path = HomeTableViewCell.swift; sourceTree = "<group>"; };
		D14C77F5279B61410050D3BA /* HomeViewObject.swift */ = {isa = PBXFileReference; lastKnownFileType = sourcecode.swift; path = HomeViewObject.swift; sourceTree = "<group>"; };
		D14C77F7279B615D0050D3BA /* ViewObject.swift */ = {isa = PBXFileReference; lastKnownFileType = sourcecode.swift; path = ViewObject.swift; sourceTree = "<group>"; };
		D14C77FA279B62040050D3BA /* MovieLabel.swift */ = {isa = PBXFileReference; lastKnownFileType = sourcecode.swift; path = MovieLabel.swift; sourceTree = "<group>"; };
		D14C77FC279B63B90050D3BA /* MovieFont.swift */ = {isa = PBXFileReference; lastKnownFileType = sourcecode.swift; path = MovieFont.swift; sourceTree = "<group>"; };
		D14C77FE279B64C40050D3BA /* HomeDataSource.swift */ = {isa = PBXFileReference; lastKnownFileType = sourcecode.swift; path = HomeDataSource.swift; sourceTree = "<group>"; };
		D14C7801279B66E60050D3BA /* homeMovies.json */ = {isa = PBXFileReference; lastKnownFileType = text.json; path = homeMovies.json; sourceTree = "<group>"; };
		D14C7804279B67100050D3BA /* Response.swift */ = {isa = PBXFileReference; lastKnownFileType = sourcecode.swift; path = Response.swift; sourceTree = "<group>"; };
		D14C7806279B69E90050D3BA /* MovieModel.swift */ = {isa = PBXFileReference; lastKnownFileType = sourcecode.swift; path = MovieModel.swift; sourceTree = "<group>"; };
		D1D3C85E279B40EC005C82BA /* BaseViewController.swift */ = {isa = PBXFileReference; lastKnownFileType = sourcecode.swift; path = BaseViewController.swift; sourceTree = "<group>"; };
		D1D3C862279B41B0005C82BA /* UIImage+Resources.swift */ = {isa = PBXFileReference; lastKnownFileType = sourcecode.swift; path = "UIImage+Resources.swift"; sourceTree = "<group>"; };
/* End PBXFileReference section */

/* Begin PBXFrameworksBuildPhase section */
		A2E5E675279A456F001963C3 /* Frameworks */ = {
			isa = PBXFrameworksBuildPhase;
			buildActionMask = 2147483647;
			files = (
			);
			runOnlyForDeploymentPostprocessing = 0;
		};
		A2E5E68B279A4570001963C3 /* Frameworks */ = {
			isa = PBXFrameworksBuildPhase;
			buildActionMask = 2147483647;
			files = (
			);
			runOnlyForDeploymentPostprocessing = 0;
		};
		A2E5E695279A4570001963C3 /* Frameworks */ = {
			isa = PBXFrameworksBuildPhase;
			buildActionMask = 2147483647;
			files = (
			);
			runOnlyForDeploymentPostprocessing = 0;
		};
/* End PBXFrameworksBuildPhase section */

/* Begin PBXGroup section */
		A2E5E66F279A456F001963C3 = {
			isa = PBXGroup;
			children = (
				A2E5E67A279A456F001963C3 /* MovieConstraints */,
				A2E5E691279A4570001963C3 /* MovieConstraintsTests */,
				A2E5E69B279A4570001963C3 /* MovieConstraintsUITests */,
				A2E5E679279A456F001963C3 /* Products */,
			);
			sourceTree = "<group>";
		};
		A2E5E679279A456F001963C3 /* Products */ = {
			isa = PBXGroup;
			children = (
				A2E5E678279A456F001963C3 /* MovieConstraints.app */,
				A2E5E68E279A4570001963C3 /* MovieConstraintsTests.xctest */,
				A2E5E698279A4570001963C3 /* MovieConstraintsUITests.xctest */,
			);
			name = Products;
			sourceTree = "<group>";
		};
		A2E5E67A279A456F001963C3 /* MovieConstraints */ = {
			isa = PBXGroup;
			children = (
				D14C7803279B66FB0050D3BA /* Response */,
				D14C7800279B66D40050D3BA /* json */,
				D14C77F9279B61F50050D3BA /* UI */,
				D14C77F2279B61140050D3BA /* Home */,
				D1D3C861279B4197005C82BA /* Extensions */,
				D1D3C860279B40F0005C82BA /* Base */,
				A2E5E67B279A456F001963C3 /* AppDelegate.swift */,
				A2E5E67D279A456F001963C3 /* SceneDelegate.swift */,
				A2E5E684279A4570001963C3 /* Assets.xcassets */,
				A2E5E686279A4570001963C3 /* LaunchScreen.storyboard */,
				A2E5E689279A4570001963C3 /* Info.plist */,
			);
			path = MovieConstraints;
			sourceTree = "<group>";
		};
		A2E5E691279A4570001963C3 /* MovieConstraintsTests */ = {
			isa = PBXGroup;
			children = (
				A2E5E692279A4570001963C3 /* MovieConstraintsTests.swift */,
			);
			path = MovieConstraintsTests;
			sourceTree = "<group>";
		};
		A2E5E69B279A4570001963C3 /* MovieConstraintsUITests */ = {
			isa = PBXGroup;
			children = (
				A2E5E69C279A4570001963C3 /* MovieConstraintsUITests.swift */,
				A2E5E69E279A4570001963C3 /* MovieConstraintsUITestsLaunchTests.swift */,
			);
			path = MovieConstraintsUITests;
			sourceTree = "<group>";
		};
		D14C77F2279B61140050D3BA /* Home */ = {
			isa = PBXGroup;
			children = (
				A2E5E67F279A456F001963C3 /* HomeViewController.swift */,
				D14C77F3279B612C0050D3BA /* HomeTableViewCell.swift */,
				D14C77F5279B61410050D3BA /* HomeViewObject.swift */,
				D14C77FE279B64C40050D3BA /* HomeDataSource.swift */,
			);
			path = Home;
			sourceTree = "<group>";
		};
		D14C77F9279B61F50050D3BA /* UI */ = {
			isa = PBXGroup;
			children = (
				D14C77FA279B62040050D3BA /* MovieLabel.swift */,
				D14C77FC279B63B90050D3BA /* MovieFont.swift */,
			);
			path = UI;
			sourceTree = "<group>";
		};
		D14C7800279B66D40050D3BA /* json */ = {
			isa = PBXGroup;
			children = (
				D14C7801279B66E60050D3BA /* homeMovies.json */,
			);
			path = json;
			sourceTree = "<group>";
		};
		D14C7803279B66FB0050D3BA /* Response */ = {
			isa = PBXGroup;
			children = (
				D14C7804279B67100050D3BA /* Response.swift */,
				D14C7806279B69E90050D3BA /* MovieModel.swift */,
			);
			path = Response;
			sourceTree = "<group>";
		};
		D1D3C860279B40F0005C82BA /* Base */ = {
			isa = PBXGroup;
			children = (
				D1D3C85E279B40EC005C82BA /* BaseViewController.swift */,
				D14C77EC279B5CF30050D3BA /* TableView.swift */,
				D14C77EE279B5D1E0050D3BA /* DataSource.swift */,
				D14C77F0279B5FD70050D3BA /* GenericTableViewCell.swift */,
				D14C77F7279B615D0050D3BA /* ViewObject.swift */,
			);
			path = Base;
			sourceTree = "<group>";
		};
		D1D3C861279B4197005C82BA /* Extensions */ = {
			isa = PBXGroup;
			children = (
				D1D3C862279B41B0005C82BA /* UIImage+Resources.swift */,
			);
			path = Extensions;
			sourceTree = "<group>";
		};
/* End PBXGroup section */

/* Begin PBXNativeTarget section */
		A2E5E677279A456F001963C3 /* MovieConstraints */ = {
			isa = PBXNativeTarget;
			buildConfigurationList = A2E5E6A2279A4570001963C3 /* Build configuration list for PBXNativeTarget "MovieConstraints" */;
			buildPhases = (
				A2E5E674279A456F001963C3 /* Sources */,
				A2E5E675279A456F001963C3 /* Frameworks */,
				A2E5E676279A456F001963C3 /* Resources */,
			);
			buildRules = (
			);
			dependencies = (
			);
			name = MovieConstraints;
			productName = MovieConstraints;
			productReference = A2E5E678279A456F001963C3 /* MovieConstraints.app */;
			productType = "com.apple.product-type.application";
		};
		A2E5E68D279A4570001963C3 /* MovieConstraintsTests */ = {
			isa = PBXNativeTarget;
			buildConfigurationList = A2E5E6A5279A4570001963C3 /* Build configuration list for PBXNativeTarget "MovieConstraintsTests" */;
			buildPhases = (
				A2E5E68A279A4570001963C3 /* Sources */,
				A2E5E68B279A4570001963C3 /* Frameworks */,
				A2E5E68C279A4570001963C3 /* Resources */,
			);
			buildRules = (
			);
			dependencies = (
				A2E5E690279A4570001963C3 /* PBXTargetDependency */,
			);
			name = MovieConstraintsTests;
			productName = MovieConstraintsTests;
			productReference = A2E5E68E279A4570001963C3 /* MovieConstraintsTests.xctest */;
			productType = "com.apple.product-type.bundle.unit-test";
		};
		A2E5E697279A4570001963C3 /* MovieConstraintsUITests */ = {
			isa = PBXNativeTarget;
			buildConfigurationList = A2E5E6A8279A4570001963C3 /* Build configuration list for PBXNativeTarget "MovieConstraintsUITests" */;
			buildPhases = (
				A2E5E694279A4570001963C3 /* Sources */,
				A2E5E695279A4570001963C3 /* Frameworks */,
				A2E5E696279A4570001963C3 /* Resources */,
			);
			buildRules = (
			);
			dependencies = (
				A2E5E69A279A4570001963C3 /* PBXTargetDependency */,
			);
			name = MovieConstraintsUITests;
			productName = MovieConstraintsUITests;
			productReference = A2E5E698279A4570001963C3 /* MovieConstraintsUITests.xctest */;
			productType = "com.apple.product-type.bundle.ui-testing";
		};
/* End PBXNativeTarget section */

/* Begin PBXProject section */
		A2E5E670279A456F001963C3 /* Project object */ = {
			isa = PBXProject;
			attributes = {
				BuildIndependentTargetsInParallel = 1;
				LastSwiftUpdateCheck = 1320;
				LastUpgradeCheck = 1320;
				TargetAttributes = {
					A2E5E677279A456F001963C3 = {
						CreatedOnToolsVersion = 13.2.1;
					};
					A2E5E68D279A4570001963C3 = {
						CreatedOnToolsVersion = 13.2.1;
						TestTargetID = A2E5E677279A456F001963C3;
					};
					A2E5E697279A4570001963C3 = {
						CreatedOnToolsVersion = 13.2.1;
						TestTargetID = A2E5E677279A456F001963C3;
					};
				};
			};
			buildConfigurationList = A2E5E673279A456F001963C3 /* Build configuration list for PBXProject "MovieConstraints" */;
			compatibilityVersion = "Xcode 13.0";
			developmentRegion = en;
			hasScannedForEncodings = 0;
			knownRegions = (
				en,
				Base,
			);
			mainGroup = A2E5E66F279A456F001963C3;
			productRefGroup = A2E5E679279A456F001963C3 /* Products */;
			projectDirPath = "";
			projectRoot = "";
			targets = (
				A2E5E677279A456F001963C3 /* MovieConstraints */,
				A2E5E68D279A4570001963C3 /* MovieConstraintsTests */,
				A2E5E697279A4570001963C3 /* MovieConstraintsUITests */,
			);
		};
/* End PBXProject section */

/* Begin PBXResourcesBuildPhase section */
		A2E5E676279A456F001963C3 /* Resources */ = {
			isa = PBXResourcesBuildPhase;
			buildActionMask = 2147483647;
			files = (
				A2E5E688279A4570001963C3 /* LaunchScreen.storyboard in Resources */,
				A2E5E685279A4570001963C3 /* Assets.xcassets in Resources */,
				D14C7802279B66E60050D3BA /* homeMovies.json in Resources */,
			);
			runOnlyForDeploymentPostprocessing = 0;
		};
		A2E5E68C279A4570001963C3 /* Resources */ = {
			isa = PBXResourcesBuildPhase;
			buildActionMask = 2147483647;
			files = (
			);
			runOnlyForDeploymentPostprocessing = 0;
		};
		A2E5E696279A4570001963C3 /* Resources */ = {
			isa = PBXResourcesBuildPhase;
			buildActionMask = 2147483647;
			files = (
			);
			runOnlyForDeploymentPostprocessing = 0;
		};
/* End PBXResourcesBuildPhase section */

/* Begin PBXSourcesBuildPhase section */
		A2E5E674279A456F001963C3 /* Sources */ = {
			isa = PBXSourcesBuildPhase;
			buildActionMask = 2147483647;
			files = (
				D14C77EF279B5D1E0050D3BA /* DataSource.swift in Sources */,
				D14C77F8279B615D0050D3BA /* ViewObject.swift in Sources */,
				A2E5E680279A456F001963C3 /* HomeViewController.swift in Sources */,
				D1D3C863279B41B0005C82BA /* UIImage+Resources.swift in Sources */,
				D14C7805279B67100050D3BA /* Response.swift in Sources */,
				D1D3C85F279B40EC005C82BA /* BaseViewController.swift in Sources */,
				D14C77ED279B5CF30050D3BA /* TableView.swift in Sources */,
				D14C77F1279B5FD70050D3BA /* GenericTableViewCell.swift in Sources */,
				D14C77FB279B62040050D3BA /* MovieLabel.swift in Sources */,
				D14C77FD279B63B90050D3BA /* MovieFont.swift in Sources */,
				D14C77FF279B64C40050D3BA /* HomeDataSource.swift in Sources */,
				D14C77F6279B61410050D3BA /* HomeViewObject.swift in Sources */,
				D14C7807279B69E90050D3BA /* MovieModel.swift in Sources */,
				D14C77F4279B612C0050D3BA /* HomeTableViewCell.swift in Sources */,
				A2E5E67C279A456F001963C3 /* AppDelegate.swift in Sources */,
				A2E5E67E279A456F001963C3 /* SceneDelegate.swift in Sources */,
			);
			runOnlyForDeploymentPostprocessing = 0;
		};
		A2E5E68A279A4570001963C3 /* Sources */ = {
			isa = PBXSourcesBuildPhase;
			buildActionMask = 2147483647;
			files = (
				A2E5E693279A4570001963C3 /* MovieConstraintsTests.swift in Sources */,
			);
			runOnlyForDeploymentPostprocessing = 0;
		};
		A2E5E694279A4570001963C3 /* Sources */ = {
			isa = PBXSourcesBuildPhase;
			buildActionMask = 2147483647;
			files = (
				A2E5E69F279A4570001963C3 /* MovieConstraintsUITestsLaunchTests.swift in Sources */,
				A2E5E69D279A4570001963C3 /* MovieConstraintsUITests.swift in Sources */,
			);
			runOnlyForDeploymentPostprocessing = 0;
		};
/* End PBXSourcesBuildPhase section */

/* Begin PBXTargetDependency section */
		A2E5E690279A4570001963C3 /* PBXTargetDependency */ = {
			isa = PBXTargetDependency;
			target = A2E5E677279A456F001963C3 /* MovieConstraints */;
			targetProxy = A2E5E68F279A4570001963C3 /* PBXContainerItemProxy */;
		};
		A2E5E69A279A4570001963C3 /* PBXTargetDependency */ = {
			isa = PBXTargetDependency;
			target = A2E5E677279A456F001963C3 /* MovieConstraints */;
			targetProxy = A2E5E699279A4570001963C3 /* PBXContainerItemProxy */;
		};
/* End PBXTargetDependency section */

/* Begin PBXVariantGroup section */
		A2E5E686279A4570001963C3 /* LaunchScreen.storyboard */ = {
			isa = PBXVariantGroup;
			children = (
				A2E5E687279A4570001963C3 /* Base */,
			);
			name = LaunchScreen.storyboard;
			sourceTree = "<group>";
		};
/* End PBXVariantGroup section */

/* Begin XCBuildConfiguration section */
		A2E5E6A0279A4570001963C3 /* Debug */ = {
			isa = XCBuildConfiguration;
			buildSettings = {
				ALWAYS_SEARCH_USER_PATHS = NO;
				CLANG_ANALYZER_NONNULL = YES;
				CLANG_ANALYZER_NUMBER_OBJECT_CONVERSION = YES_AGGRESSIVE;
				CLANG_CXX_LANGUAGE_STANDARD = "gnu++17";
				CLANG_CXX_LIBRARY = "libc++";
				CLANG_ENABLE_MODULES = YES;
				CLANG_ENABLE_OBJC_ARC = YES;
				CLANG_ENABLE_OBJC_WEAK = YES;
				CLANG_WARN_BLOCK_CAPTURE_AUTORELEASING = YES;
				CLANG_WARN_BOOL_CONVERSION = YES;
				CLANG_WARN_COMMA = YES;
				CLANG_WARN_CONSTANT_CONVERSION = YES;
				CLANG_WARN_DEPRECATED_OBJC_IMPLEMENTATIONS = YES;
				CLANG_WARN_DIRECT_OBJC_ISA_USAGE = YES_ERROR;
				CLANG_WARN_DOCUMENTATION_COMMENTS = YES;
				CLANG_WARN_EMPTY_BODY = YES;
				CLANG_WARN_ENUM_CONVERSION = YES;
				CLANG_WARN_INFINITE_RECURSION = YES;
				CLANG_WARN_INT_CONVERSION = YES;
				CLANG_WARN_NON_LITERAL_NULL_CONVERSION = YES;
				CLANG_WARN_OBJC_IMPLICIT_RETAIN_SELF = YES;
				CLANG_WARN_OBJC_LITERAL_CONVERSION = YES;
				CLANG_WARN_OBJC_ROOT_CLASS = YES_ERROR;
				CLANG_WARN_QUOTED_INCLUDE_IN_FRAMEWORK_HEADER = YES;
				CLANG_WARN_RANGE_LOOP_ANALYSIS = YES;
				CLANG_WARN_STRICT_PROTOTYPES = YES;
				CLANG_WARN_SUSPICIOUS_MOVE = YES;
				CLANG_WARN_UNGUARDED_AVAILABILITY = YES_AGGRESSIVE;
				CLANG_WARN_UNREACHABLE_CODE = YES;
				CLANG_WARN__DUPLICATE_METHOD_MATCH = YES;
				COPY_PHASE_STRIP = NO;
				DEBUG_INFORMATION_FORMAT = dwarf;
				ENABLE_STRICT_OBJC_MSGSEND = YES;
				ENABLE_TESTABILITY = YES;
				GCC_C_LANGUAGE_STANDARD = gnu11;
				GCC_DYNAMIC_NO_PIC = NO;
				GCC_NO_COMMON_BLOCKS = YES;
				GCC_OPTIMIZATION_LEVEL = 0;
				GCC_PREPROCESSOR_DEFINITIONS = (
					"DEBUG=1",
					"$(inherited)",
				);
				GCC_WARN_64_TO_32_BIT_CONVERSION = YES;
				GCC_WARN_ABOUT_RETURN_TYPE = YES_ERROR;
				GCC_WARN_UNDECLARED_SELECTOR = YES;
				GCC_WARN_UNINITIALIZED_AUTOS = YES_AGGRESSIVE;
				GCC_WARN_UNUSED_FUNCTION = YES;
				GCC_WARN_UNUSED_VARIABLE = YES;
				IPHONEOS_DEPLOYMENT_TARGET = 15.2;
				MTL_ENABLE_DEBUG_INFO = INCLUDE_SOURCE;
				MTL_FAST_MATH = YES;
				ONLY_ACTIVE_ARCH = YES;
				SDKROOT = iphoneos;
				SWIFT_ACTIVE_COMPILATION_CONDITIONS = DEBUG;
				SWIFT_OPTIMIZATION_LEVEL = "-Onone";
			};
			name = Debug;
		};
		A2E5E6A1279A4570001963C3 /* Release */ = {
			isa = XCBuildConfiguration;
			buildSettings = {
				ALWAYS_SEARCH_USER_PATHS = NO;
				CLANG_ANALYZER_NONNULL = YES;
				CLANG_ANALYZER_NUMBER_OBJECT_CONVERSION = YES_AGGRESSIVE;
				CLANG_CXX_LANGUAGE_STANDARD = "gnu++17";
				CLANG_CXX_LIBRARY = "libc++";
				CLANG_ENABLE_MODULES = YES;
				CLANG_ENABLE_OBJC_ARC = YES;
				CLANG_ENABLE_OBJC_WEAK = YES;
				CLANG_WARN_BLOCK_CAPTURE_AUTORELEASING = YES;
				CLANG_WARN_BOOL_CONVERSION = YES;
				CLANG_WARN_COMMA = YES;
				CLANG_WARN_CONSTANT_CONVERSION = YES;
				CLANG_WARN_DEPRECATED_OBJC_IMPLEMENTATIONS = YES;
				CLANG_WARN_DIRECT_OBJC_ISA_USAGE = YES_ERROR;
				CLANG_WARN_DOCUMENTATION_COMMENTS = YES;
				CLANG_WARN_EMPTY_BODY = YES;
				CLANG_WARN_ENUM_CONVERSION = YES;
				CLANG_WARN_INFINITE_RECURSION = YES;
				CLANG_WARN_INT_CONVERSION = YES;
				CLANG_WARN_NON_LITERAL_NULL_CONVERSION = YES;
				CLANG_WARN_OBJC_IMPLICIT_RETAIN_SELF = YES;
				CLANG_WARN_OBJC_LITERAL_CONVERSION = YES;
				CLANG_WARN_OBJC_ROOT_CLASS = YES_ERROR;
				CLANG_WARN_QUOTED_INCLUDE_IN_FRAMEWORK_HEADER = YES;
				CLANG_WARN_RANGE_LOOP_ANALYSIS = YES;
				CLANG_WARN_STRICT_PROTOTYPES = YES;
				CLANG_WARN_SUSPICIOUS_MOVE = YES;
				CLANG_WARN_UNGUARDED_AVAILABILITY = YES_AGGRESSIVE;
				CLANG_WARN_UNREACHABLE_CODE = YES;
				CLANG_WARN__DUPLICATE_METHOD_MATCH = YES;
				COPY_PHASE_STRIP = NO;
				DEBUG_INFORMATION_FORMAT = "dwarf-with-dsym";
				ENABLE_NS_ASSERTIONS = NO;
				ENABLE_STRICT_OBJC_MSGSEND = YES;
				GCC_C_LANGUAGE_STANDARD = gnu11;
				GCC_NO_COMMON_BLOCKS = YES;
				GCC_WARN_64_TO_32_BIT_CONVERSION = YES;
				GCC_WARN_ABOUT_RETURN_TYPE = YES_ERROR;
				GCC_WARN_UNDECLARED_SELECTOR = YES;
				GCC_WARN_UNINITIALIZED_AUTOS = YES_AGGRESSIVE;
				GCC_WARN_UNUSED_FUNCTION = YES;
				GCC_WARN_UNUSED_VARIABLE = YES;
				IPHONEOS_DEPLOYMENT_TARGET = 15.2;
				MTL_ENABLE_DEBUG_INFO = NO;
				MTL_FAST_MATH = YES;
				SDKROOT = iphoneos;
				SWIFT_COMPILATION_MODE = wholemodule;
				SWIFT_OPTIMIZATION_LEVEL = "-O";
				VALIDATE_PRODUCT = YES;
			};
			name = Release;
		};
		A2E5E6A3279A4570001963C3 /* Debug */ = {
			isa = XCBuildConfiguration;
			buildSettings = {
				ASSETCATALOG_COMPILER_APPICON_NAME = AppIcon;
				ASSETCATALOG_COMPILER_GLOBAL_ACCENT_COLOR_NAME = AccentColor;
				CODE_SIGN_STYLE = Automatic;
				CURRENT_PROJECT_VERSION = 1;
				DEVELOPMENT_TEAM = SNQX6V43GC;
				GENERATE_INFOPLIST_FILE = YES;
				INFOPLIST_FILE = MovieConstraints/Info.plist;
				INFOPLIST_KEY_UIApplicationSupportsIndirectInputEvents = YES;
				INFOPLIST_KEY_UILaunchStoryboardName = LaunchScreen;
				INFOPLIST_KEY_UISupportedInterfaceOrientations_iPad = "UIInterfaceOrientationPortrait UIInterfaceOrientationPortraitUpsideDown UIInterfaceOrientationLandscapeLeft UIInterfaceOrientationLandscapeRight";
				INFOPLIST_KEY_UISupportedInterfaceOrientations_iPhone = "UIInterfaceOrientationPortrait UIInterfaceOrientationLandscapeLeft UIInterfaceOrientationLandscapeRight";
				LD_RUNPATH_SEARCH_PATHS = (
					"$(inherited)",
					"@executable_path/Frameworks",
				);
				MARKETING_VERSION = 1.0;
				PRODUCT_BUNDLE_IDENTIFIER = a.MovieConstraints;
				PRODUCT_NAME = "$(TARGET_NAME)";
				SWIFT_EMIT_LOC_STRINGS = YES;
				SWIFT_VERSION = 5.0;
				TARGETED_DEVICE_FAMILY = "1,2";
			};
			name = Debug;
		};
		A2E5E6A4279A4570001963C3 /* Release */ = {
			isa = XCBuildConfiguration;
			buildSettings = {
				ASSETCATALOG_COMPILER_APPICON_NAME = AppIcon;
				ASSETCATALOG_COMPILER_GLOBAL_ACCENT_COLOR_NAME = AccentColor;
				CODE_SIGN_STYLE = Automatic;
				CURRENT_PROJECT_VERSION = 1;
				DEVELOPMENT_TEAM = SNQX6V43GC;
				GENERATE_INFOPLIST_FILE = YES;
				INFOPLIST_FILE = MovieConstraints/Info.plist;
				INFOPLIST_KEY_UIApplicationSupportsIndirectInputEvents = YES;
				INFOPLIST_KEY_UILaunchStoryboardName = LaunchScreen;
				INFOPLIST_KEY_UISupportedInterfaceOrientations_iPad = "UIInterfaceOrientationPortrait UIInterfaceOrientationPortraitUpsideDown UIInterfaceOrientationLandscapeLeft UIInterfaceOrientationLandscapeRight";
				INFOPLIST_KEY_UISupportedInterfaceOrientations_iPhone = "UIInterfaceOrientationPortrait UIInterfaceOrientationLandscapeLeft UIInterfaceOrientationLandscapeRight";
				LD_RUNPATH_SEARCH_PATHS = (
					"$(inherited)",
					"@executable_path/Frameworks",
				);
				MARKETING_VERSION = 1.0;
				PRODUCT_BUNDLE_IDENTIFIER = a.MovieConstraints;
				PRODUCT_NAME = "$(TARGET_NAME)";
				SWIFT_EMIT_LOC_STRINGS = YES;
				SWIFT_VERSION = 5.0;
				TARGETED_DEVICE_FAMILY = "1,2";
			};
			name = Release;
		};
		A2E5E6A6279A4570001963C3 /* Debug */ = {
			isa = XCBuildConfiguration;
			buildSettings = {
				ALWAYS_EMBED_SWIFT_STANDARD_LIBRARIES = YES;
				BUNDLE_LOADER = "$(TEST_HOST)";
				CODE_SIGN_STYLE = Automatic;
				CURRENT_PROJECT_VERSION = 1;
				DEVELOPMENT_TEAM = SNQX6V43GC;
				GENERATE_INFOPLIST_FILE = YES;
				IPHONEOS_DEPLOYMENT_TARGET = 15.2;
				MARKETING_VERSION = 1.0;
				PRODUCT_BUNDLE_IDENTIFIER = a.MovieConstraintsTests;
				PRODUCT_NAME = "$(TARGET_NAME)";
				SWIFT_EMIT_LOC_STRINGS = NO;
				SWIFT_VERSION = 5.0;
				TARGETED_DEVICE_FAMILY = "1,2";
				TEST_HOST = "$(BUILT_PRODUCTS_DIR)/MovieConstraints.app/MovieConstraints";
			};
			name = Debug;
		};
		A2E5E6A7279A4570001963C3 /* Release */ = {
			isa = XCBuildConfiguration;
			buildSettings = {
				ALWAYS_EMBED_SWIFT_STANDARD_LIBRARIES = YES;
				BUNDLE_LOADER = "$(TEST_HOST)";
				CODE_SIGN_STYLE = Automatic;
				CURRENT_PROJECT_VERSION = 1;
				DEVELOPMENT_TEAM = SNQX6V43GC;
				GENERATE_INFOPLIST_FILE = YES;
				IPHONEOS_DEPLOYMENT_TARGET = 15.2;
				MARKETING_VERSION = 1.0;
				PRODUCT_BUNDLE_IDENTIFIER = a.MovieConstraintsTests;
				PRODUCT_NAME = "$(TARGET_NAME)";
				SWIFT_EMIT_LOC_STRINGS = NO;
				SWIFT_VERSION = 5.0;
				TARGETED_DEVICE_FAMILY = "1,2";
				TEST_HOST = "$(BUILT_PRODUCTS_DIR)/MovieConstraints.app/MovieConstraints";
			};
			name = Release;
		};
		A2E5E6A9279A4570001963C3 /* Debug */ = {
			isa = XCBuildConfiguration;
			buildSettings = {
				ALWAYS_EMBED_SWIFT_STANDARD_LIBRARIES = YES;
				CODE_SIGN_STYLE = Automatic;
				CURRENT_PROJECT_VERSION = 1;
				DEVELOPMENT_TEAM = SNQX6V43GC;
				GENERATE_INFOPLIST_FILE = YES;
				MARKETING_VERSION = 1.0;
				PRODUCT_BUNDLE_IDENTIFIER = a.MovieConstraintsUITests;
				PRODUCT_NAME = "$(TARGET_NAME)";
				SWIFT_EMIT_LOC_STRINGS = NO;
				SWIFT_VERSION = 5.0;
				TARGETED_DEVICE_FAMILY = "1,2";
				TEST_TARGET_NAME = MovieConstraints;
			};
			name = Debug;
		};
		A2E5E6AA279A4570001963C3 /* Release */ = {
			isa = XCBuildConfiguration;
			buildSettings = {
				ALWAYS_EMBED_SWIFT_STANDARD_LIBRARIES = YES;
				CODE_SIGN_STYLE = Automatic;
				CURRENT_PROJECT_VERSION = 1;
				DEVELOPMENT_TEAM = SNQX6V43GC;
				GENERATE_INFOPLIST_FILE = YES;
				MARKETING_VERSION = 1.0;
				PRODUCT_BUNDLE_IDENTIFIER = a.MovieConstraintsUITests;
				PRODUCT_NAME = "$(TARGET_NAME)";
				SWIFT_EMIT_LOC_STRINGS = NO;
				SWIFT_VERSION = 5.0;
				TARGETED_DEVICE_FAMILY = "1,2";
				TEST_TARGET_NAME = MovieConstraints;
			};
			name = Release;
		};
/* End XCBuildConfiguration section */

/* Begin XCConfigurationList section */
		A2E5E673279A456F001963C3 /* Build configuration list for PBXProject "MovieConstraints" */ = {
			isa = XCConfigurationList;
			buildConfigurations = (
				A2E5E6A0279A4570001963C3 /* Debug */,
				A2E5E6A1279A4570001963C3 /* Release */,
			);
			defaultConfigurationIsVisible = 0;
			defaultConfigurationName = Release;
		};
		A2E5E6A2279A4570001963C3 /* Build configuration list for PBXNativeTarget "MovieConstraints" */ = {
			isa = XCConfigurationList;
			buildConfigurations = (
				A2E5E6A3279A4570001963C3 /* Debug */,
				A2E5E6A4279A4570001963C3 /* Release */,
			);
			defaultConfigurationIsVisible = 0;
			defaultConfigurationName = Release;
		};
		A2E5E6A5279A4570001963C3 /* Build configuration list for PBXNativeTarget "MovieConstraintsTests" */ = {
			isa = XCConfigurationList;
			buildConfigurations = (
				A2E5E6A6279A4570001963C3 /* Debug */,
				A2E5E6A7279A4570001963C3 /* Release */,
			);
			defaultConfigurationIsVisible = 0;
			defaultConfigurationName = Release;
		};
		A2E5E6A8279A4570001963C3 /* Build configuration list for PBXNativeTarget "MovieConstraintsUITests" */ = {
			isa = XCConfigurationList;
			buildConfigurations = (
				A2E5E6A9279A4570001963C3 /* Debug */,
				A2E5E6AA279A4570001963C3 /* Release */,
			);
			defaultConfigurationIsVisible = 0;
			defaultConfigurationName = Release;
		};
/* End XCConfigurationList section */
	};
	rootObject = A2E5E670279A456F001963C3 /* Project object */;
}
